
Microsoft Visual Studio Solution File, Format Version 12.00
# Visual Studio Version 17
VisualStudioVersion = 17.5.33502.453
MinimumVisualStudioVersion = 10.0.40219.1
Project("{FAE04EC0-301F-11D3-BF4B-00C04F79EFBC}") = "Sudoku", "Sudoku\Sudoku.csproj", "{00CB535D-1FFD-4AD0-9A94-6C772A648529}"
EndProject
Global
	GlobalSection(SolutionConfigurationPlatforms) = preSolution
		Debug|Any CPU = Debug|Any CPU
		Release|Any CPU = Release|Any CPU
	EndGlobalSection
	GlobalSection(ProjectConfigurationPlatforms) = postSolution
		{00CB535D-1FFD-4AD0-9A94-6C772A648529}.Debug|Any CPU.ActiveCfg = Debug|Any CPU
		{00CB535D-1FFD-4AD0-9A94-6C772A648529}.Debug|Any CPU.Build.0 = Debug|Any CPU
		{00CB535D-1FFD-4AD0-9A94-6C772A648529}.Release|Any CPU.ActiveCfg = Release|Any CPU
		{00CB535D-1FFD-4AD0-9A94-6C772A648529}.Release|Any CPU.Build.0 = Release|Any CPU
	EndGlobalSection
	GlobalSection(SolutionProperties) = preSolution
		HideSolutionNode = FALSE
	EndGlobalSection
	GlobalSection(ExtensibilityGlobals) = postSolution
		SolutionGuid = {0609EE77-1759-40F1-B678-43CD5CA2F999}
	EndGlobalSection
EndGlobal
